
Microsoft Visual Studio Solution File, Format Version 12.00
# Visual Studio Version 16
VisualStudioVersion = 16.0.33027.164
MinimumVisualStudioVersion = 10.0.40219.1
Project("{9A19103F-16F7-4668-BE54-9A1E7A4F7556}") = "Cappario", "Cappario.csproj", "{32DCAEAB-EAAD-482C-B084-7F324F242402}"
EndProject
Global
	GlobalSection(SolutionConfigurationPlatforms) = preSolution
		Debug|Any CPU = Debug|Any CPU
		Release|Any CPU = Release|Any CPU
	EndGlobalSection
	GlobalSection(ProjectConfigurationPlatforms) = postSolution
		{32DCAEAB-EAAD-482C-B084-7F324F242402}.Debug|Any CPU.ActiveCfg = Debug|Any CPU
		{32DCAEAB-EAAD-482C-B084-7F324F242402}.Debug|Any CPU.Build.0 = Debug|Any CPU
		{32DCAEAB-EAAD-482C-B084-7F324F242402}.Release|Any CPU.ActiveCfg = Release|Any CPU
		{32DCAEAB-EAAD-482C-B084-7F324F242402}.Release|Any CPU.Build.0 = Release|Any CPU
	EndGlobalSection
	GlobalSection(SolutionProperties) = preSolution
		HideSolutionNode = FALSE
	EndGlobalSection
	GlobalSection(ExtensibilityGlobals) = postSolution
		SolutionGuid = {DE015060-69E1-46A6-A4F9-8101319BF457}
	EndGlobalSection
EndGlobal
